
Microsoft Visual Studio Solution File, Format Version 12.00
# Visual Studio Version 16
VisualStudioVersion = 16.0.30114.105
MinimumVisualStudioVersion = 10.0.40219.1
Project("{FAE04EC0-301F-11D3-BF4B-00C04F79EFBC}") = "hygiea.web", "hygiea.web\hygiea.web.csproj", "{B18660D4-DC26-407F-B906-040BF705154B}"
EndProject
Project("{FAE04EC0-301F-11D3-BF4B-00C04F79EFBC}") = "hygiea.data", "hygiea.data\hygiea.data.csproj", "{D221C119-FD95-4917-B437-8F57119A6823}"
EndProject
Project("{FAE04EC0-301F-11D3-BF4B-00C04F79EFBC}") = "hygiea.domain", "hygiea.domain\hygiea.domain.csproj", "{0794BA72-7DFB-4C61-B8BA-13DE0C6CD389}"
EndProject
Global
	GlobalSection(SolutionConfigurationPlatforms) = preSolution
		Debug|Any CPU = Debug|Any CPU
		Debug|x64 = Debug|x64
		Debug|x86 = Debug|x86
		Release|Any CPU = Release|Any CPU
		Release|x64 = Release|x64
		Release|x86 = Release|x86
	EndGlobalSection
	GlobalSection(SolutionProperties) = preSolution
		HideSolutionNode = FALSE
	EndGlobalSection
	GlobalSection(ProjectConfigurationPlatforms) = postSolution
		{B18660D4-DC26-407F-B906-040BF705154B}.Debug|Any CPU.ActiveCfg = Debug|Any CPU
		{B18660D4-DC26-407F-B906-040BF705154B}.Debug|Any CPU.Build.0 = Debug|Any CPU
		{B18660D4-DC26-407F-B906-040BF705154B}.Debug|x64.ActiveCfg = Debug|Any CPU
		{B18660D4-DC26-407F-B906-040BF705154B}.Debug|x64.Build.0 = Debug|Any CPU
		{B18660D4-DC26-407F-B906-040BF705154B}.Debug|x86.ActiveCfg = Debug|Any CPU
		{B18660D4-DC26-407F-B906-040BF705154B}.Debug|x86.Build.0 = Debug|Any CPU
		{B18660D4-DC26-407F-B906-040BF705154B}.Release|Any CPU.ActiveCfg = Release|Any CPU
		{B18660D4-DC26-407F-B906-040BF705154B}.Release|Any CPU.Build.0 = Release|Any CPU
		{B18660D4-DC26-407F-B906-040BF705154B}.Release|x64.ActiveCfg = Release|Any CPU
		{B18660D4-DC26-407F-B906-040BF705154B}.Release|x64.Build.0 = Release|Any CPU
		{B18660D4-DC26-407F-B906-040BF705154B}.Release|x86.ActiveCfg = Release|Any CPU
		{B18660D4-DC26-407F-B906-040BF705154B}.Release|x86.Build.0 = Release|Any CPU
		{D221C119-FD95-4917-B437-8F57119A6823}.Debug|Any CPU.ActiveCfg = Debug|Any CPU
		{D221C119-FD95-4917-B437-8F57119A6823}.Debug|Any CPU.Build.0 = Debug|Any CPU
		{D221C119-FD95-4917-B437-8F57119A6823}.Debug|x64.ActiveCfg = Debug|Any CPU
		{D221C119-FD95-4917-B437-8F57119A6823}.Debug|x64.Build.0 = Debug|Any CPU
		{D221C119-FD95-4917-B437-8F57119A6823}.Debug|x86.ActiveCfg = Debug|Any CPU
		{D221C119-FD95-4917-B437-8F57119A6823}.Debug|x86.Build.0 = Debug|Any CPU
		{D221C119-FD95-4917-B437-8F57119A6823}.Release|Any CPU.ActiveCfg = Release|Any CPU
		{D221C119-FD95-4917-B437-8F57119A6823}.Release|Any CPU.Build.0 = Release|Any CPU
		{D221C119-FD95-4917-B437-8F57119A6823}.Release|x64.ActiveCfg = Release|Any CPU
		{D221C119-FD95-4917-B437-8F57119A6823}.Release|x64.Build.0 = Release|Any CPU
		{D221C119-FD95-4917-B437-8F57119A6823}.Release|x86.ActiveCfg = Release|Any CPU
		{D221C119-FD95-4917-B437-8F57119A6823}.Release|x86.Build.0 = Release|Any CPU
		{0794BA72-7DFB-4C61-B8BA-13DE0C6CD389}.Debug|Any CPU.ActiveCfg = Debug|Any CPU
		{0794BA72-7DFB-4C61-B8BA-13DE0C6CD389}.Debug|Any CPU.Build.0 = Debug|Any CPU
		{0794BA72-7DFB-4C61-B8BA-13DE0C6CD389}.Debug|x64.ActiveCfg = Debug|Any CPU
		{0794BA72-7DFB-4C61-B8BA-13DE0C6CD389}.Debug|x64.Build.0 = Debug|Any CPU
		{0794BA72-7DFB-4C61-B8BA-13DE0C6CD389}.Debug|x86.ActiveCfg = Debug|Any CPU
		{0794BA72-7DFB-4C61-B8BA-13DE0C6CD389}.Debug|x86.Build.0 = Debug|Any CPU
		{0794BA72-7DFB-4C61-B8BA-13DE0C6CD389}.Release|Any CPU.ActiveCfg = Release|Any CPU
		{0794BA72-7DFB-4C61-B8BA-13DE0C6CD389}.Release|Any CPU.Build.0 = Release|Any CPU
		{0794BA72-7DFB-4C61-B8BA-13DE0C6CD389}.Release|x64.ActiveCfg = Release|Any CPU
		{0794BA72-7DFB-4C61-B8BA-13DE0C6CD389}.Release|x64.Build.0 = Release|Any CPU
		{0794BA72-7DFB-4C61-B8BA-13DE0C6CD389}.Release|x86.ActiveCfg = Release|Any CPU
		{0794BA72-7DFB-4C61-B8BA-13DE0C6CD389}.Release|x86.Build.0 = Release|Any CPU
	EndGlobalSection
EndGlobal
